
Microsoft Visual Studio Solution File, Format Version 12.00
# Visual Studio 15
VisualStudioVersion = 15.0.28307.779
MinimumVisualStudioVersion = 10.0.40219.1
Project("{FAE04EC0-301F-11D3-BF4B-00C04F79EFBC}") = "Clock pratice", "Clock pratice\Clock pratice.csproj", "{A5F86A25-1721-4755-9AF9-E2BFCECCD7A7}"
EndProject
Global
	GlobalSection(SolutionConfigurationPlatforms) = preSolution
		Debug|Any CPU = Debug|Any CPU
		Release|Any CPU = Release|Any CPU
	EndGlobalSection
	GlobalSection(ProjectConfigurationPlatforms) = postSolution
		{A5F86A25-1721-4755-9AF9-E2BFCECCD7A7}.Debug|Any CPU.ActiveCfg = Debug|Any CPU
		{A5F86A25-1721-4755-9AF9-E2BFCECCD7A7}.Debug|Any CPU.Build.0 = Debug|Any CPU
		{A5F86A25-1721-4755-9AF9-E2BFCECCD7A7}.Release|Any CPU.ActiveCfg = Release|Any CPU
		{A5F86A25-1721-4755-9AF9-E2BFCECCD7A7}.Release|Any CPU.Build.0 = Release|Any CPU
	EndGlobalSection
	GlobalSection(SolutionProperties) = preSolution
		HideSolutionNode = FALSE
	EndGlobalSection
	GlobalSection(ExtensibilityGlobals) = postSolution
		SolutionGuid = {AE796FCB-238D-4DC3-8FDD-AC5B409A21E6}
	EndGlobalSection
EndGlobal
